<Solution>
  <Configurations>
    <BuildType Name="DebugGame" />
    <BuildType Name="DebugGame Editor" />
    <BuildType Name="Development" />
    <BuildType Name="Development Editor" />
    <BuildType Name="Shipping" />
    <Platform Name="Win64" />
    <Platform Name="Win64-arm64" />
    <Platform Name="Win64-arm64ec" />
  </Configurations>
  <Folder Name="/Engine/">
    <Project Path="Intermediate/ProjectFiles/UE5.vcxproj" Id="8a0df695-1edf-3335-bda6-3a339c163608">
      <BuildType Project="BuiltWithUnrealBuildTool" />
      <Platform Project="Win64" />
      <Build Project="false" />
    </Project>
  </Folder>
  <Folder Name="/Games/">
    <Project Path="Intermediate/ProjectFiles/S1.vcxproj" Id="bf7adc84-4dce-3d31-b400-55eaefb2f38f">
      <BuildType Solution="DebugGame Editor|Win64" Project="DebugGame_Editor" />
      <BuildType Solution="DebugGame Editor|Win64-arm64" Project="Win64_arm64_DebugGame_Editor" />
      <BuildType Solution="DebugGame Editor|Win64-arm64ec" Project="Win64_arm64ec_DebugGame_Editor" />
      <BuildType Solution="DebugGame|Win64-arm64" Project="Win64_arm64_DebugGame" />
      <BuildType Solution="DebugGame|Win64-arm64ec" Project="Win64_arm64ec_DebugGame" />
      <BuildType Solution="Development Editor|Win64" Project="Development_Editor" />
      <BuildType Solution="Development Editor|Win64-arm64" Project="Win64_arm64_Development_Editor" />
      <BuildType Solution="Development Editor|Win64-arm64ec" Project="Win64_arm64ec_Development_Editor" />
      <BuildType Solution="Development|Win64-arm64" Project="Win64_arm64_Development" />
      <BuildType Solution="Development|Win64-arm64ec" Project="Win64_arm64ec_Development" />
      <BuildType Solution="Shipping|Win64-arm64" Project="Win64_arm64_Shipping" />
      <BuildType Solution="Shipping|Win64-arm64ec" Project="Win64_arm64ec_Shipping" />
      <Platform Project="x64" />
    </Project>
  </Folder>
  <Folder Name="/Visualizers/">
    <File Path="../../Epic Games/UE_5.8/Engine/Extras/VisualStudioDebugging/Unreal.natjmc" />
    <File Path="../../Epic Games/UE_5.8/Engine/Extras/VisualStudioDebugging/Unreal.natstepfilter" />
    <File Path="../../Epic Games/UE_5.8/Engine/Extras/VisualStudioDebugging/Unreal.natvis" />
  </Folder>
  <Properties Name="ddbf523f-7eb6-4887-bd51-85a714ff87eb">
    <Property Name="AvailablePlatforms" Value="Win64" />
  </Properties>
</Solution>
